
Microsoft Visual Studio Solution File, Format Version 12.00
# Visual Studio Version 17
VisualStudioVersion = 17.4.33110.190
MinimumVisualStudioVersion = 10.0.40219.1
Project("{FAE04EC0-301F-11D3-BF4B-00C04F79EFBC}") = "deltalicznik", "deltalicznik\deltalicznik.csproj", "{645E0E07-AC75-4933-A06B-F445C87970BD}"
EndProject
Global
	GlobalSection(SolutionConfigurationPlatforms) = preSolution
		Debug|Any CPU = Debug|Any CPU
		Release|Any CPU = Release|Any CPU
	EndGlobalSection
	GlobalSection(ProjectConfigurationPlatforms) = postSolution
		{645E0E07-AC75-4933-A06B-F445C87970BD}.Debug|Any CPU.ActiveCfg = Debug|Any CPU
		{645E0E07-AC75-4933-A06B-F445C87970BD}.Debug|Any CPU.Build.0 = Debug|Any CPU
		{645E0E07-AC75-4933-A06B-F445C87970BD}.Release|Any CPU.ActiveCfg = Release|Any CPU
		{645E0E07-AC75-4933-A06B-F445C87970BD}.Release|Any CPU.Build.0 = Release|Any CPU
	EndGlobalSection
	GlobalSection(SolutionProperties) = preSolution
		HideSolutionNode = FALSE
	EndGlobalSection
	GlobalSection(ExtensibilityGlobals) = postSolution
		SolutionGuid = {FF35FCA5-1A08-4E42-8CA0-0C574B82D34C}
	EndGlobalSection
EndGlobal
